
Microsoft Visual Studio Solution File, Format Version 12.00
# Visual Studio 2017
Project("{FAE04EC0-301F-11D3-BF4B-00C04F79EFBC}") = "1.Maze_Binary_Tree", "1.Maze_Binary_Tree.csproj", "{354C1451-7A0A-5EED-9604-E2DE17386214}"
EndProject
Project("{FAE04EC0-301F-11D3-BF4B-00C04F79EFBC}") = "1.Maze_Binary_Tree.Editor", "1.Maze_Binary_Tree.Editor.csproj", "{DE4923E6-5C45-1775-18E4-C3E6B7FBA31B}"
EndProject
Global
	GlobalSection(SolutionConfigurationPlatforms) = preSolution
		Debug|Any CPU = Debug|Any CPU
		Release|Any CPU = Release|Any CPU
	EndGlobalSection
	GlobalSection(ProjectConfigurationPlatforms) = postSolution
		{354C1451-7A0A-5EED-9604-E2DE17386214}.Debug|Any CPU.ActiveCfg = Debug|Any CPU
		{354C1451-7A0A-5EED-9604-E2DE17386214}.Debug|Any CPU.Build.0 = Debug|Any CPU
		{354C1451-7A0A-5EED-9604-E2DE17386214}.Release|Any CPU.ActiveCfg = Release|Any CPU
		{354C1451-7A0A-5EED-9604-E2DE17386214}.Release|Any CPU.Build.0 = Release|Any CPU
		{DE4923E6-5C45-1775-18E4-C3E6B7FBA31B}.Debug|Any CPU.ActiveCfg = Debug|Any CPU
		{DE4923E6-5C45-1775-18E4-C3E6B7FBA31B}.Debug|Any CPU.Build.0 = Debug|Any CPU
		{DE4923E6-5C45-1775-18E4-C3E6B7FBA31B}.Release|Any CPU.ActiveCfg = Release|Any CPU
		{DE4923E6-5C45-1775-18E4-C3E6B7FBA31B}.Release|Any CPU.Build.0 = Release|Any CPU
	EndGlobalSection
	GlobalSection(SolutionProperties) = preSolution
		HideSolutionNode = FALSE
	EndGlobalSection
EndGlobal
