
Microsoft Visual Studio Solution File, Format Version 12.00
# Visual Studio 2017
Project("{FAE04EC0-301F-11D3-BF4B-00C04F79EFBC}") = "RecursiveMaze", "RecursiveMaze.csproj", "{CB912E5B-D53A-D784-7668-4AC71C8D36FC}"
EndProject
Project("{FAE04EC0-301F-11D3-BF4B-00C04F79EFBC}") = "RecursiveMaze.Editor", "RecursiveMaze.Editor.csproj", "{B83D7FB6-DDF8-C6E8-6261-E013D23FD620}"
EndProject
Global
	GlobalSection(SolutionConfigurationPlatforms) = preSolution
		Debug|Any CPU = Debug|Any CPU
		Release|Any CPU = Release|Any CPU
	EndGlobalSection
	GlobalSection(ProjectConfigurationPlatforms) = postSolution
		{CB912E5B-D53A-D784-7668-4AC71C8D36FC}.Debug|Any CPU.ActiveCfg = Debug|Any CPU
		{CB912E5B-D53A-D784-7668-4AC71C8D36FC}.Debug|Any CPU.Build.0 = Debug|Any CPU
		{CB912E5B-D53A-D784-7668-4AC71C8D36FC}.Release|Any CPU.ActiveCfg = Release|Any CPU
		{CB912E5B-D53A-D784-7668-4AC71C8D36FC}.Release|Any CPU.Build.0 = Release|Any CPU
		{B83D7FB6-DDF8-C6E8-6261-E013D23FD620}.Debug|Any CPU.ActiveCfg = Debug|Any CPU
		{B83D7FB6-DDF8-C6E8-6261-E013D23FD620}.Debug|Any CPU.Build.0 = Debug|Any CPU
		{B83D7FB6-DDF8-C6E8-6261-E013D23FD620}.Release|Any CPU.ActiveCfg = Release|Any CPU
		{B83D7FB6-DDF8-C6E8-6261-E013D23FD620}.Release|Any CPU.Build.0 = Release|Any CPU
	EndGlobalSection
	GlobalSection(SolutionProperties) = preSolution
		HideSolutionNode = FALSE
	EndGlobalSection
EndGlobal
